
Microsoft Visual Studio Solution File, Format Version 12.00
# Visual Studio 15
VisualStudioVersion = 15.0.27428.2002
MinimumVisualStudioVersion = 10.0.40219.1
Project("{FAE04EC0-301F-11D3-BF4B-00C04F79EFBC}") = "GmailDb", "GmailDb\GmailDb.csproj", "{61177772-34DB-440F-837B-1744A970AD85}"
EndProject
Global
	GlobalSection(SolutionConfigurationPlatforms) = preSolution
		Debug|Any CPU = Debug|Any CPU
		Release|Any CPU = Release|Any CPU
	EndGlobalSection
	GlobalSection(ProjectConfigurationPlatforms) = postSolution
		{61177772-34DB-440F-837B-1744A970AD85}.Debug|Any CPU.ActiveCfg = Debug|Any CPU
		{61177772-34DB-440F-837B-1744A970AD85}.Debug|Any CPU.Build.0 = Debug|Any CPU
		{61177772-34DB-440F-837B-1744A970AD85}.Release|Any CPU.ActiveCfg = Release|Any CPU
		{61177772-34DB-440F-837B-1744A970AD85}.Release|Any CPU.Build.0 = Release|Any CPU
	EndGlobalSection
	GlobalSection(SolutionProperties) = preSolution
		HideSolutionNode = FALSE
	EndGlobalSection
	GlobalSection(ExtensibilityGlobals) = postSolution
		SolutionGuid = {33682AD7-ED4A-494E-A2C4-034CABA3B7CF}
	EndGlobalSection
EndGlobal
